[[package]]
category = "main"
description = "An abstract syntax tree for Python with inference support."
name = "astroid"
optional = false
python-versions = ">=3.4.*"
version = "2.2.5"

[package.dependencies]
lazy-object-proxy = "*"
six = "*"
typed-ast = ">=1.3.0"
wrapt = "*"

[[package]]
category = "dev"
description = "Atomic file writes."
name = "atomicwrites"
optional = false
python-versions = ">=2.7, !=3.0.*, !=3.1.*, !=3.2.*, !=3.3.*"
version = "1.3.0"

[[package]]
category = "dev"
description = "Classes Without Boilerplate"
name = "attrs"
optional = false
python-versions = ">=2.7, !=3.0.*, !=3.1.*, !=3.2.*, !=3.3.*"
version = "19.1.0"

[[package]]
category = "main"
description = "Freely available tools for computational molecular biology."
name = "biopython"
optional = false
python-versions = "*"
version = "1.73"

[package.dependencies]
numpy = "*"

[[package]]
category = "main"
description = "Cross-platform colored terminal text."
marker = "sys_platform == \"win32\""
name = "colorama"
optional = false
python-versions = ">=2.7, !=3.0.*, !=3.1.*, !=3.2.*, !=3.3.*"
version = "0.4.1"

[[package]]
category = "main"
description = "Composable style cycles"
name = "cycler"
optional = false
python-versions = "*"
version = "0.10.0"

[package.dependencies]
six = "*"

[[package]]
category = "main"
description = "Better living through Python with decorators"
name = "decorator"
optional = false
python-versions = ">=2.6, !=3.0.*, !=3.1.*"
version = "4.4.0"

[[package]]
category = "main"
description = "A library for automatically generating command line interfaces."
name = "fire"
optional = false
python-versions = "*"
version = "0.1.3"

[package.dependencies]
six = "*"

[[package]]
category = "main"
description = "Simple Python interface for Graphviz"
name = "graphviz"
optional = false
python-versions = ">=2.7,!=3.0.*,!=3.1.*,!=3.2.*,!=3.3.*"
version = "0.10.1"

[[package]]
category = "dev"
description = "Read metadata from Python packages"
name = "importlib-metadata"
optional = false
python-versions = ">=2.7,!=3.0,!=3.1,!=3.2,!=3.3"
version = "0.17"

[package.dependencies]
zipp = ">=0.5"

[[package]]
category = "main"
description = "A Python utility / library to sort Python imports."
name = "isort"
optional = false
python-versions = ">=2.7, !=3.0.*, !=3.1.*, !=3.2.*, !=3.3.*"
version = "4.3.20"

[[package]]
category = "main"
description = "A fast implementation of the Cassowary constraint solver"
name = "kiwisolver"
optional = false
python-versions = ">=2.7, !=3.0.*, !=3.1.*, !=3.2.*, !=3.3.*"
version = "1.1.0"

[package.dependencies]
setuptools = "*"

[[package]]
category = "main"
description = "A fast and thorough lazy object proxy."
name = "lazy-object-proxy"
optional = false
python-versions = ">=2.7, !=3.0.*, !=3.1.*, !=3.2.*, !=3.3.*"
version = "1.4.1"

[[package]]
category = "main"
description = "Python plotting package"
name = "matplotlib"
optional = false
python-versions = ">=3.6"
version = "3.1.0"

[package.dependencies]
cycler = ">=0.10"
kiwisolver = ">=1.0.1"
numpy = ">=1.11"
pyparsing = ">=2.0.1,<2.0.4 || >2.0.4,<2.1.2 || >2.1.2,<2.1.6 || >2.1.6"
python-dateutil = ">=2.1"

[[package]]
category = "main"
description = "McCabe checker, plugin for flake8"
name = "mccabe"
optional = false
python-versions = "*"
version = "0.6.1"

[[package]]
category = "dev"
description = "More routines for operating on iterables, beyond itertools"
name = "more-itertools"
optional = false
python-versions = ">=3.4"
version = "7.0.0"

[[package]]
category = "main"
description = "Python package for creating and manipulating graphs and networks"
name = "networkx"
optional = false
python-versions = ">=3.5"
version = "2.3"

[package.dependencies]
decorator = ">=4.3.0"

[[package]]
category = "main"
description = "NumPy is the fundamental package for array computing with Python."
name = "numpy"
optional = false
python-versions = ">=2.7,!=3.0.*,!=3.1.*,!=3.2.*,!=3.3.*"
version = "1.16.4"

[[package]]
category = "dev"
description = "plugin and hook calling mechanisms for python"
name = "pluggy"
optional = false
python-versions = ">=2.7, !=3.0.*, !=3.1.*, !=3.2.*, !=3.3.*"
version = "0.12.0"

[package.dependencies]
importlib-metadata = ">=0.12"

[[package]]
category = "dev"
description = "library with cross-python path, ini-parsing, io, code, log facilities"
name = "py"
optional = false
python-versions = ">=2.7, !=3.0.*, !=3.1.*, !=3.2.*, !=3.3.*"
version = "1.8.0"

[[package]]
category = "main"
description = "Python interface to Graphviz's Dot"
name = "pydot"
optional = false
python-versions = ">=2.7, !=3.0.*, !=3.1.*, !=3.2.*, !=3.3.*"
version = "1.4.1"

[package.dependencies]
pyparsing = ">=2.1.4"

[[package]]
category = "main"
description = "Python interface to Graphviz"
name = "pygraphviz"
optional = false
python-versions = "*"
version = "1.5"

[[package]]
category = "main"
description = "python code static checker"
name = "pylint"
optional = false
python-versions = ">=3.4.*"
version = "2.3.1"

[package.dependencies]
astroid = ">=2.2.0,<3"
colorama = "*"
isort = ">=4.2.5,<5"
mccabe = ">=0.6,<0.7"

[[package]]
category = "main"
description = "Python parsing module"
name = "pyparsing"
optional = false
python-versions = ">=2.6, !=3.0.*, !=3.1.*, !=3.2.*"
version = "2.4.0"

[[package]]
category = "main"
description = "pysam"
name = "pysam"
optional = false
python-versions = "*"
version = "0.15.2"

[[package]]
category = "dev"
description = "pytest: simple powerful testing with Python"
name = "pytest"
optional = false
python-versions = ">=2.7, !=3.0.*, !=3.1.*, !=3.2.*, !=3.3.*"
version = "3.10.1"

[package.dependencies]
atomicwrites = ">=1.0"
attrs = ">=17.4.0"
colorama = "*"
more-itertools = ">=4.0.0"
pluggy = ">=0.7"
py = ">=1.5.0"
setuptools = "*"
six = ">=1.10.0"

[[package]]
category = "main"
description = "Extensions to the standard Python datetime module"
name = "python-dateutil"
optional = false
python-versions = ">=2.7, !=3.0.*, !=3.1.*, !=3.2.*"
version = "2.8.0"

[package.dependencies]
six = ">=1.5"

[[package]]
category = "main"
description = "Python 2 and 3 compatibility utilities"
name = "six"
optional = false
python-versions = ">=2.6, !=3.0.*, !=3.1.*"
version = "1.12.0"

[[package]]
category = "main"
description = "Fast, Extensible Progress Meter"
name = "tqdm"
optional = false
python-versions = ">=2.6, !=3.0.*, !=3.1.*"
version = "4.32.1"

[[package]]
category = "main"
description = "a fork of Python 2 and 3 ast modules with type comment support"
marker = "implementation_name == \"cpython\""
name = "typed-ast"
optional = false
python-versions = "*"
version = "1.3.5"

[[package]]
category = "main"
description = "Module for decorators, wrappers and monkey patching."
name = "wrapt"
optional = false
python-versions = "*"
version = "1.11.1"

[[package]]
category = "dev"
description = "Backport of pathlib-compatible object wrapper for zip files"
name = "zipp"
optional = false
python-versions = ">=2.7"
version = "0.5.1"

[metadata]
content-hash = "3e0be88f1b126bdbe0bd35c254a07f07834c27f67a4eeeaed296724cace66fa0"
python-versions = "^3.7"

[metadata.hashes]
astroid = ["6560e1e1749f68c64a4b5dee4e091fce798d2f0d84ebe638cf0e0585a343acf4", "b65db1bbaac9f9f4d190199bb8680af6f6f84fd3769a5ea883df8a91fe68b4c4"]
atomicwrites = ["03472c30eb2c5d1ba9227e4c2ca66ab8287fbfbbda3888aa93dc2e28fc6811b4", "75a9445bac02d8d058d5e1fe689654ba5a6556a1dfd8ce6ec55a0ed79866cfa6"]
attrs = ["69c0dbf2ed392de1cb5ec704444b08a5ef81680a61cb899dc08127123af36a79", "f0b870f674851ecbfbbbd364d6b5cbdff9dcedbc7f3f5e18a6891057f21fe399"]
biopython = ["0302d5be80850fbaa93789ab516d189c9400755901cfe566a324e8fea10ed39b", "0fa9346c8ec144da12a556861090cfe5fbb6ecd89418d6358047b90def48e032", "164b9958d1714f318015900f2689fcc08859f76b11484e8f91f1f29acb4b7465", "1c4b55412c12b246b948c3bbb30e60a7b075da9770449371a731ac9987849381", "21723d79a1d15e99c823b440dd37176259dffa686e2a015919ad255d89238491", "26f8ae8ddf06c85dab12f5aaff538593c7cec69102bb4ad968b3eb40a0477bf8", "3cc401c15a85829eb6ae01babb02fbe7828548709b4dcb6d5149e94d5173ed7c", "5542f847a860b90e742a1be8a9807aa57accacd2bccfb07b3f6511f85201af19", "59610b1639a7d9c1f36a5398e748c044c21f4285230fa79fcea2cafe835f9366", "70c5cc27dc61c23d18bb33b6d38d70edc4b926033aea3b7434737c731c94a5e0", "839882c1929476538f9872e7fe6617c6fbcd65989483254817effbc388feead1", "85d53b91406aacfef673fb3cf24873d978654fa49d52b5ab4d9c3b0d06b003d6", "92c0940c5c2a76b559538a4eb1fc0277d3e960209c537d5b74632fa87a51a810", "93d79520586b48a2a77bec3a0623871b656c45dbb83c9b6834540f0a7232478e", "99e6f78317c68b27a8b406c5595364005d43fee67f3b8ae20c3332588999442f", "a149ea816f21ef72e1b4e6f538b13141584bdc531f864c5f1eb8b8feed71ba06", "add575d5b81eec95381a53ca8c042e9de9e506b24734ec773690247d997eaa69", "aed261f47f72d63292fdf4c81197fdbc150094a34e10176647a932c83e179db9", "c43a47ad3397336aa7af5a0bb5ebec91aa2ae328b71421e550cf7e7f80d00f69", "c5beb53e2d5a5a573baaaa449a32d3adfb3d03bd7752adbcb20a62d6e8041e03", "cfb44ba6cdfb1dbfc05b7e46f26286b37d35b2bb847868c9088e9b67060fd7be", "d120346e2eed46beaf1d0771826a18cee7c3155cc8c0dafc6ffffc74ac49e8fc", "e5b5666724cab7983aebeb593e52dd276ff9fdabb3669d57db8b5ea303a097a5", "e7a03ae81b5507b3a668f81a58351c065fa6d8a0b77f772e183eb284c1cc4619", "ede4e4335828a780dc2096fd0443c45efb3f8fcac741e544454997b978ad3cf3", "ef69ed6acf7bee26c530e40a768d060f46eef228d06aa2ea89439d3c54759bd8", "f49558bea021cc5243e50efb38d545842153cde276e14879d6d63222065c683d", "fce8051b05d62d7d0ff7af0999f6874bd9af17f0613e6c8664ac20c93215345a"]
colorama = ["05eed71e2e327246ad6b38c540c4a3117230b19679b875190486ddd2d721422d", "f8ac84de7840f5b9c4e3347b3c1eaa50f7e49c2b07596221daec5edaabbd7c48"]
cycler = ["1d8a5ae1ff6c5cf9b93e8811e581232ad8920aeec647c37316ceac982b08cb2d", "cd7b2d1018258d7247a71425e9f26463dfb444d411c39569972f4ce586b0c9d8"]
decorator = ["86156361c50488b84a3f148056ea716ca587df2f0de1d34750d35c21312725de", "f069f3a01830ca754ba5258fde2278454a0b5b79e0d7f5c13b3b97e57d4acff6"]
fire = ["c299d16064ff81cbb649b65988300d4a28b71ecfb789d1fb74d99ea98ae4d2eb"]
graphviz = ["0e1744a45b0d707bc44f99c7b8e5f25dc22cf96b6aaf2432ac308ed9822a9cb6", "d311be4fddfe832a56986ac5e1d6e8715d7fcb0208560da79d1bb0f72abef41f"]
importlib-metadata = ["a9f185022cfa69e9ca5f7eabfd5a58b689894cb78a11e3c8c89398a8ccbb8e7f", "df1403cd3aebeb2b1dcd3515ca062eecb5bd3ea7611f18cba81130c68707e879"]
isort = ["c40744b6bc5162bbb39c1257fe298b7a393861d50978b565f3ccd9cb9de0182a", "f57abacd059dc3bd666258d1efb0377510a89777fda3e3274e3c01f7c03ae22d"]
kiwisolver = ["05b5b061e09f60f56244adc885c4a7867da25ca387376b02c1efc29cc16bcd0f", "26f4fbd6f5e1dabff70a9ba0d2c4bd30761086454aa30dddc5b52764ee4852b7", "3b2378ad387f49cbb328205bda569b9f87288d6bc1bf4cd683c34523a2341efe", "400599c0fe58d21522cae0e8b22318e09d9729451b17ee61ba8e1e7c0346565c", "47b8cb81a7d18dbaf4fed6a61c3cecdb5adec7b4ac292bddb0d016d57e8507d5", "53eaed412477c836e1b9522c19858a8557d6e595077830146182225613b11a75", "58e626e1f7dfbb620d08d457325a4cdac65d1809680009f46bf41eaf74ad0187", "5a52e1b006bfa5be04fe4debbcdd2688432a9af4b207a3f429c74ad625022641", "5c7ca4e449ac9f99b3b9d4693debb1d6d237d1542dd6a56b3305fe8a9620f883", "682e54f0ce8f45981878756d7203fd01e188cc6c8b2c5e2cf03675390b4534d5", "79bfb2f0bd7cbf9ea256612c9523367e5ec51d7cd616ae20ca2c90f575d839a2", "7f4dd50874177d2bb060d74769210f3bce1af87a8c7cf5b37d032ebf94f0aca3", "8944a16020c07b682df861207b7e0efcd2f46c7488619cb55f65882279119389", "8aa7009437640beb2768bfd06da049bad0df85f47ff18426261acecd1cf00897", "939f36f21a8c571686eb491acfffa9c7f1ac345087281b412d63ea39ca14ec4a", "9733b7f64bd9f807832d673355f79703f81f0b3e52bfce420fc00d8cb28c6a6c", "a02f6c3e229d0b7220bd74600e9351e18bc0c361b05f29adae0d10599ae0e326", "a0c0a9f06872330d0dd31b45607197caab3c22777600e88031bfe66799e70bb0", "acc4df99308111585121db217681f1ce0eecb48d3a828a2f9bbf9773f4937e9e", "b64916959e4ae0ac78af7c3e8cef4becee0c0e9694ad477b4c6b3a536de6a544", "d3fcf0819dc3fea58be1fd1ca390851bdb719a549850e708ed858503ff25d995", "d52e3b1868a4e8fd18b5cb15055c76820df514e26aa84cc02f593d99fef6707f", "db1a5d3cc4ae943d674718d6c47d2d82488ddd94b93b9e12d24aabdbfe48caee", "e3a21a720791712ed721c7b95d433e036134de6f18c77dbe96119eaf7aa08004", "e8bf074363ce2babeb4764d94f8e65efd22e6a7c74860a4f05a6947afc020ff2", "f16814a4a96dc04bf1da7d53ee8d5b1d6decfc1a92a63349bb15d37b6a263dd9", "f2b22153870ca5cf2ab9c940d7bc38e8e9089fa0f7e5856ea195e1cf4ff43d5a", "f790f8b3dff3d53453de6a7b7ddd173d2e020fb160baff578d578065b108a05f"]
lazy-object-proxy = ["159a745e61422217881c4de71f9eafd9d703b93af95618635849fe469a283661", "23f63c0821cc96a23332e45dfaa83266feff8adc72b9bcaef86c202af765244f", "3b11be575475db2e8a6e11215f5aa95b9ec14de658628776e10d96fa0b4dac13", "3f447aff8bc61ca8b42b73304f6a44fa0d915487de144652816f950a3f1ab821", "4ba73f6089cd9b9478bc0a4fa807b47dbdb8fad1d8f31a0f0a5dbf26a4527a71", "4f53eadd9932055eac465bd3ca1bd610e4d7141e1278012bd1f28646aebc1d0e", "64483bd7154580158ea90de5b8e5e6fc29a16a9b4db24f10193f0c1ae3f9d1ea", "6f72d42b0d04bfee2397aa1862262654b56922c20a9bb66bb76b6f0e5e4f9229", "7c7f1ec07b227bdc561299fa2328e85000f90179a2f44ea30579d38e037cb3d4", "7c8b1ba1e15c10b13cad4171cfa77f5bb5ec2580abc5a353907780805ebe158e", "8559b94b823f85342e10d3d9ca4ba5478168e1ac5658a8a2f18c991ba9c52c20", "a262c7dfb046f00e12a2bdd1bafaed2408114a89ac414b0af8755c696eb3fc16", "acce4e3267610c4fdb6632b3886fe3f2f7dd641158a843cf6b6a68e4ce81477b", "be089bb6b83fac7f29d357b2dc4cf2b8eb8d98fe9d9ff89f9ea6012970a853c7", "bfab710d859c779f273cc48fb86af38d6e9210f38287df0069a63e40b45a2f5c", "c10d29019927301d524a22ced72706380de7cfc50f767217485a912b4c8bd82a", "dd6e2b598849b3d7aee2295ac765a578879830fb8966f70be8cd472e6069932e", "e408f1eacc0a68fed0c08da45f31d0ebb38079f043328dce69ff133b95c29dc1"]
matplotlib = ["08d9bc2e2acef42965256acd5015dc2c899cbd53e01bf4214c5510c7ea0efd2d", "1e0213f87cc0076f7b0c4c251d7e23601e2419cd98691df79edb95517ba06f0c", "1f31053f660df5f0310118d7f5bd1e8025170e9773f0bebe8fec486d0926adf6", "399bf6352633aeeb45ca55c6c943fa2738022fb17ae498c32a142ced0b41528d", "409a5894efb810d630d2512449c7a4394de9a4d15fc6394e26a409b17d9cc18c", "5c5ef5cf1bc8f483123102e2615644937af7d4c01d100acc72bf74a044a78717", "d0052be5cdfa27018bb08194b8812c47cb985d60eb682e1809c76e9600839516", "e7d6620d145ca9f6c3e88248e5734b6fda430e75e70755b887e48f8e9bc1de2a", "f3d8b6bccc577e4e5ecbd58fdd63cacb8e58f0ed1e97616a7f7a7baaf4b8d036"]
mccabe = ["ab8a6258860da4b6677da4bd2fe5dc2c659cff31b3ee4f7f5d64e79735b80d42", "dd8d182285a0fe56bace7f45b5e7d1a6ebcbf524e8f3bd87eb0f125271b8831f"]
more-itertools = ["2112d2ca570bb7c3e53ea1a35cd5df42bb0fd10c45f0fb97178679c3c03d64c7", "c3e4748ba1aad8dba30a4886b0b1a2004f9a863837b8654e7059eebf727afa5a"]
networkx = ["8311ddef63cf5c5c5e7c1d0212dd141d9a1fe3f474915281b73597ed5f1d4e3d"]
numpy = ["0778076e764e146d3078b17c24c4d89e0ecd4ac5401beff8e1c87879043a0633", "141c7102f20abe6cf0d54c4ced8d565b86df4d3077ba2343b61a6db996cefec7", "14270a1ee8917d11e7753fb54fc7ffd1934f4d529235beec0b275e2ccf00333b", "27e11c7a8ec9d5838bc59f809bfa86efc8a4fd02e58960fa9c49d998e14332d5", "2a04dda79606f3d2f760384c38ccd3d5b9bb79d4c8126b67aff5eb09a253763e", "3c26010c1b51e1224a3ca6b8df807de6e95128b0908c7e34f190e7775455b0ca", "52c40f1a4262c896420c6ea1c6fda62cf67070e3947e3307f5562bd783a90336", "6e4f8d9e8aa79321657079b9ac03f3cf3fd067bf31c1cca4f56d49543f4356a5", "7242be12a58fec245ee9734e625964b97cf7e3f2f7d016603f9e56660ce479c7", "7dc253b542bfd4b4eb88d9dbae4ca079e7bf2e2afd819ee18891a43db66c60c7", "94f5bd885f67bbb25c82d80184abbf7ce4f6c3c3a41fbaa4182f034bba803e69", "a89e188daa119ffa0d03ce5123dee3f8ffd5115c896c2a9d4f0dbb3d8b95bfa3", "ad3399da9b0ca36e2f24de72f67ab2854a62e623274607e37e0ce5f5d5fa9166", "b0348be89275fd1d4c44ffa39530c41a21062f52299b1e3ee7d1c61f060044b8", "b5554368e4ede1856121b0dfa35ce71768102e4aa55e526cb8de7f374ff78722", "cbddc56b2502d3f87fda4f98d948eb5b11f36ff3902e17cb6cc44727f2200525", "d79f18f41751725c56eceab2a886f021d70fd70a6188fd386e29a045945ffc10", "dc2ca26a19ab32dc475dbad9dfe723d3a64c835f4c23f625c2b6566ca32b9f29", "dd9bcd4f294eb0633bb33d1a74febdd2b9018b8b8ed325f861fffcd2c7660bb8", "e8baab1bc7c9152715844f1faca6744f2416929de10d7639ed49555a85549f52", "ec31fe12668af687b99acf1567399632a7c47b0e17cfb9ae47c098644ef36797", "f12b4f7e2d8f9da3141564e6737d79016fe5336cc92de6814eba579744f65b0a", "f58ac38d5ca045a377b3b377c84df8175ab992c970a53332fa8ac2373df44ff7"]
pluggy = ["0825a152ac059776623854c1543d65a4ad408eb3d33ee114dff91e57ec6ae6fc", "b9817417e95936bf75d85d3f8767f7df6cdde751fc40aed3bb3074cbcb77757c"]
py = ["64f65755aee5b381cea27766a3a147c3f15b9b6b9ac88676de66ba2ae36793fa", "dc639b046a6e2cff5bbe40194ad65936d6ba360b52b3c3fe1d08a82dd50b5e53"]
pydot = ["67be714300c78fda5fd52f79ec994039e3f76f074948c67b5ff539b433ad354f", "d49c9d4dd1913beec2a997f831543c8cbd53e535b1a739e921642fe416235f01"]
pygraphviz = ["50a829a305dc5a0fd1f9590748b19fece756093b581ac91e00c2c27c651d319d"]
pylint = ["5d77031694a5fb97ea95e828c8d10fc770a1df6eb3906067aaed42201a8a6a09", "723e3db49555abaf9bf79dc474c6b9e2935ad82230b10c1138a71ea41ac0fff1"]
pyparsing = ["1873c03321fc118f4e9746baf201ff990ceb915f433f23b395f5580d1840cb2a", "9b6323ef4ab914af344ba97510e966d64ba91055d6b9afa6b30799340e89cc03"]
pysam = ["0f063380ebd727f58483b256fe21d90358527fbdf48b925ae2680cc1f2c553ae", "1e0a6abf4fe0d3934fee8d662f6fda28e466b60209b5b1fd41070e1ccfbe87f2", "236ae950c0194037ac3e8a11fa7bda6b46db17ee3f86e1111775ed4b9cdaf95b", "34dd4cf08cbdea1329a140f5446c319992460d400b9851c0cb5607f3c58ad256", "975fbd395b5c4d360be5fde2e34d418c64718ba732ae5b2bfb712e6cefa750d5", "d049efd91ed5b1af515aa30280bc9cb46a92ddd15d546c9b21ee68a6ed4055d9", "e8166058e01d5b7fd2d82c5fee29f9c22e6016091b8c397cc029f7cc2f2f61ff"]
pytest = ["3f193df1cfe1d1609d4c583838bea3d532b18d6160fd3f55c9447fdca30848ec", "e246cf173c01169b9617fc07264b7b1316e78d7a650055235d6d897bc80d9660"]
python-dateutil = ["7e6584c74aeed623791615e26efd690f29817a27c73085b78e4bad02493df2fb", "c89805f6f4d64db21ed966fda138f8a5ed7a4fdbc1a8ee329ce1b74e3c74da9e"]
six = ["3350809f0555b11f552448330d0b52d5f24c91a322ea4a15ef22629740f3761c", "d16a0141ec1a18405cd4ce8b4613101da75da0e9a7aec5bdd4fa804d0e0eba73"]
tqdm = ["0a860bf2683fdbb4812fe539a6c22ea3f1777843ea985cb8c3807db448a0f7ab", "e288416eecd4df19d12407d0c913cbf77aa8009d7fddb18f632aded3bdbdda6b"]
typed-ast = ["132eae51d6ef3ff4a8c47c393a4ef5ebf0d1aecc96880eb5d6c8ceab7017cc9b", "18141c1484ab8784006c839be8b985cfc82a2e9725837b0ecfa0203f71c4e39d", "2baf617f5bbbfe73fd8846463f5aeafc912b5ee247f410700245d68525ec584a", "3d90063f2cbbe39177e9b4d888e45777012652d6110156845b828908c51ae462", "4304b2218b842d610aa1a1d87e1dc9559597969acc62ce717ee4dfeaa44d7eee", "4983ede548ffc3541bae49a82675996497348e55bafd1554dc4e4a5d6eda541a", "5315f4509c1476718a4825f45a203b82d7fdf2a6f5f0c8f166435975b1c9f7d4", "6cdfb1b49d5345f7c2b90d638822d16ba62dc82f7616e9b4caa10b72f3f16649", "7b325f12635598c604690efd7a0197d0b94b7d7778498e76e0710cd582fd1c7a", "8d3b0e3b8626615826f9a626548057c5275a9733512b137984a68ba1598d3d2f", "8f8631160c79f53081bd23446525db0bc4c5616f78d04021e6e434b286493fd7", "912de10965f3dc89da23936f1cc4ed60764f712e5fa603a09dd904f88c996760", "b010c07b975fe853c65d7bbe9d4ac62f1c69086750a574f6292597763781ba18", "c908c10505904c48081a5415a1e295d8403e353e0c14c42b6d67f8f97fae6616", "c94dd3807c0c0610f7c76f078119f4ea48235a953512752b9175f9f98f5ae2bd", "ce65dee7594a84c466e79d7fb7d3303e7295d16a83c22c7c4037071b059e2c21", "eaa9cfcb221a8a4c2889be6f93da141ac777eb8819f077e1d09fb12d00a09a93", "f3376bc31bad66d46d44b4e6522c5c21976bf9bca4ef5987bb2bf727f4506cbb", "f9202fa138544e13a4ec1a6792c35834250a85958fde1251b6a22e07d1260ae7"]
wrapt = ["4aea003270831cceb8a90ff27c4031da6ead7ec1886023b80ce0dfe0adf61533"]
zipp = ["8c1019c6aad13642199fbe458275ad6a84907634cc9f0989877ccc4a2840139d", "ca943a7e809cc12257001ccfb99e3563da9af99d52f261725e96dfe0f9275bc3"]
